
Microsoft Visual Studio Solution File, Format Version 12.00
# Visual Studio Version 17
VisualStudioVersion = 17.0.31903.59
MinimumVisualStudioVersion = 10.0.40219.1
Project("{2150E333-8FDC-42A3-9474-1A3956D46DE8}") = "src", "src", "{695B57CD-9E0E-4648-8A48-9E8A358B014B}"
EndProject
Project("{FAE04EC0-301F-11D3-BF4B-00C04F79EFBC}") = "Scheduler", "src\Scheduler\Scheduler.csproj", "{0392FB3B-2403-42F2-925F-CDFBA8DAA926}"
EndProject
Project("{2150E333-8FDC-42A3-9474-1A3956D46DE8}") = "test", "test", "{7C987338-A88E-4AB5-98CE-39A93F4CDC94}"
EndProject
Project("{FAE04EC0-301F-11D3-BF4B-00C04F79EFBC}") = "Scheduler.Tests", "test\Scheduler.Tests\Scheduler.Tests.csproj", "{DA5D75CD-65FC-496A-956E-D4FD4D7C71EC}"
EndProject
Global
	GlobalSection(SolutionConfigurationPlatforms) = preSolution
		Debug|Any CPU = Debug|Any CPU
		Release|Any CPU = Release|Any CPU
	EndGlobalSection
	GlobalSection(SolutionProperties) = preSolution
		HideSolutionNode = FALSE
	EndGlobalSection
	GlobalSection(ProjectConfigurationPlatforms) = postSolution
		{0392FB3B-2403-42F2-925F-CDFBA8DAA926}.Debug|Any CPU.ActiveCfg = Debug|Any CPU
		{0392FB3B-2403-42F2-925F-CDFBA8DAA926}.Debug|Any CPU.Build.0 = Debug|Any CPU
		{0392FB3B-2403-42F2-925F-CDFBA8DAA926}.Release|Any CPU.ActiveCfg = Release|Any CPU
		{0392FB3B-2403-42F2-925F-CDFBA8DAA926}.Release|Any CPU.Build.0 = Release|Any CPU
		{DA5D75CD-65FC-496A-956E-D4FD4D7C71EC}.Debug|Any CPU.ActiveCfg = Debug|Any CPU
		{DA5D75CD-65FC-496A-956E-D4FD4D7C71EC}.Debug|Any CPU.Build.0 = Debug|Any CPU
		{DA5D75CD-65FC-496A-956E-D4FD4D7C71EC}.Release|Any CPU.ActiveCfg = Release|Any CPU
		{DA5D75CD-65FC-496A-956E-D4FD4D7C71EC}.Release|Any CPU.Build.0 = Release|Any CPU
	EndGlobalSection
	GlobalSection(NestedProjects) = preSolution
		{0392FB3B-2403-42F2-925F-CDFBA8DAA926} = {695B57CD-9E0E-4648-8A48-9E8A358B014B}
		{DA5D75CD-65FC-496A-956E-D4FD4D7C71EC} = {7C987338-A88E-4AB5-98CE-39A93F4CDC94}
	EndGlobalSection
EndGlobal
